
Microsoft Visual Studio Solution File, Format Version 12.00
# Visual Studio Version 17
VisualStudioVersion = 17.5.33627.172
MinimumVisualStudioVersion = 10.0.40219.1
Project("{2150E333-8FDC-42A3-9474-1A3956D46DE8}") = "src", "src", "{026AB80D-87F3-45C8-8207-F767EB934A4D}"
EndProject
Project("{2150E333-8FDC-42A3-9474-1A3956D46DE8}") = "01. Api", "01. Api", "{3F485DA9-373F-45C6-8744-89F274A8F619}"
EndProject
Project("{2150E333-8FDC-42A3-9474-1A3956D46DE8}") = "02. Domain", "02. Domain", "{1D5C540C-0980-4B4E-9E7C-ACEEEBF33D79}"
EndProject
Project("{2150E333-8FDC-42A3-9474-1A3956D46DE8}") = "03. Persistence", "03. Persistence", "{48B233D9-4EEA-4CD4-AF88-29C328F2DC15}"
EndProject
Project("{9A19103F-16F7-4668-BE54-9A1E7A4F7556}") = "User.DataBase", "User.DataBase\User.DataBase.csproj", "{2DC541B1-57A0-47E7-A086-F7F74FE0509A}"
EndProject
Project("{9A19103F-16F7-4668-BE54-9A1E7A4F7556}") = "User.Domain.Services", "User.Domain.Services\User.Domain.Services.csproj", "{B7B03AEF-535E-48DD-9000-E93E6E8BE7DB}"
EndProject
Project("{9A19103F-16F7-4668-BE54-9A1E7A4F7556}") = "User.Domain.Interface", "User.Domain.Interface\User.Domain.Interface.csproj", "{86A7530F-5B63-42A2-A99C-94F4B4B1BFBE}"
EndProject
Project("{9A19103F-16F7-4668-BE54-9A1E7A4F7556}") = "User.Domain.Business", "UserDomain.Business\User.Domain.Business.csproj", "{A76E9579-4E6D-46F0-B00D-E991A7616989}"
EndProject
Project("{2150E333-8FDC-42A3-9474-1A3956D46DE8}") = "04. Transversal", "04. Transversal", "{66D21E0B-FEFB-4739-9129-C3D41325FE97}"
EndProject
Project("{9A19103F-16F7-4668-BE54-9A1E7A4F7556}") = "User.Transversal", "User.Transversal\User.Transversal.csproj", "{800EB9EB-B196-4BA1-8A3C-516053CADED6}"
EndProject
Project("{9A19103F-16F7-4668-BE54-9A1E7A4F7556}") = "User.Api", "User.Api\User.Api.csproj", "{628F4457-2E65-424D-BE9D-8ED2FBBEE447}"
EndProject
Project("{2150E333-8FDC-42A3-9474-1A3956D46DE8}") = "05. UnitTest", "05. UnitTest", "{4E768A6C-72A6-4EB1-A449-20ADA1EC285B}"
EndProject
Project("{9A19103F-16F7-4668-BE54-9A1E7A4F7556}") = "User.UnitTest", "User.UnitTest\User.UnitTest.csproj", "{0DF9B052-62D1-4B38-8C99-A8870CF9AD31}"
EndProject
Global
	GlobalSection(SolutionConfigurationPlatforms) = preSolution
		Debug|Any CPU = Debug|Any CPU
		Release|Any CPU = Release|Any CPU
	EndGlobalSection
	GlobalSection(ProjectConfigurationPlatforms) = postSolution
		{2DC541B1-57A0-47E7-A086-F7F74FE0509A}.Debug|Any CPU.ActiveCfg = Debug|Any CPU
		{2DC541B1-57A0-47E7-A086-F7F74FE0509A}.Debug|Any CPU.Build.0 = Debug|Any CPU
		{2DC541B1-57A0-47E7-A086-F7F74FE0509A}.Release|Any CPU.ActiveCfg = Release|Any CPU
		{2DC541B1-57A0-47E7-A086-F7F74FE0509A}.Release|Any CPU.Build.0 = Release|Any CPU
		{B7B03AEF-535E-48DD-9000-E93E6E8BE7DB}.Debug|Any CPU.ActiveCfg = Debug|Any CPU
		{B7B03AEF-535E-48DD-9000-E93E6E8BE7DB}.Debug|Any CPU.Build.0 = Debug|Any CPU
		{B7B03AEF-535E-48DD-9000-E93E6E8BE7DB}.Release|Any CPU.ActiveCfg = Release|Any CPU
		{B7B03AEF-535E-48DD-9000-E93E6E8BE7DB}.Release|Any CPU.Build.0 = Release|Any CPU
		{86A7530F-5B63-42A2-A99C-94F4B4B1BFBE}.Debug|Any CPU.ActiveCfg = Debug|Any CPU
		{86A7530F-5B63-42A2-A99C-94F4B4B1BFBE}.Debug|Any CPU.Build.0 = Debug|Any CPU
		{86A7530F-5B63-42A2-A99C-94F4B4B1BFBE}.Release|Any CPU.ActiveCfg = Release|Any CPU
		{86A7530F-5B63-42A2-A99C-94F4B4B1BFBE}.Release|Any CPU.Build.0 = Release|Any CPU
		{A76E9579-4E6D-46F0-B00D-E991A7616989}.Debug|Any CPU.ActiveCfg = Debug|Any CPU
		{A76E9579-4E6D-46F0-B00D-E991A7616989}.Debug|Any CPU.Build.0 = Debug|Any CPU
		{A76E9579-4E6D-46F0-B00D-E991A7616989}.Release|Any CPU.ActiveCfg = Release|Any CPU
		{A76E9579-4E6D-46F0-B00D-E991A7616989}.Release|Any CPU.Build.0 = Release|Any CPU
		{800EB9EB-B196-4BA1-8A3C-516053CADED6}.Debug|Any CPU.ActiveCfg = Debug|Any CPU
		{800EB9EB-B196-4BA1-8A3C-516053CADED6}.Debug|Any CPU.Build.0 = Debug|Any CPU
		{800EB9EB-B196-4BA1-8A3C-516053CADED6}.Release|Any CPU.ActiveCfg = Release|Any CPU
		{800EB9EB-B196-4BA1-8A3C-516053CADED6}.Release|Any CPU.Build.0 = Release|Any CPU
		{628F4457-2E65-424D-BE9D-8ED2FBBEE447}.Debug|Any CPU.ActiveCfg = Debug|Any CPU
		{628F4457-2E65-424D-BE9D-8ED2FBBEE447}.Debug|Any CPU.Build.0 = Debug|Any CPU
		{628F4457-2E65-424D-BE9D-8ED2FBBEE447}.Release|Any CPU.ActiveCfg = Release|Any CPU
		{628F4457-2E65-424D-BE9D-8ED2FBBEE447}.Release|Any CPU.Build.0 = Release|Any CPU
		{0DF9B052-62D1-4B38-8C99-A8870CF9AD31}.Debug|Any CPU.ActiveCfg = Debug|Any CPU
		{0DF9B052-62D1-4B38-8C99-A8870CF9AD31}.Debug|Any CPU.Build.0 = Debug|Any CPU
		{0DF9B052-62D1-4B38-8C99-A8870CF9AD31}.Release|Any CPU.ActiveCfg = Release|Any CPU
		{0DF9B052-62D1-4B38-8C99-A8870CF9AD31}.Release|Any CPU.Build.0 = Release|Any CPU
	EndGlobalSection
	GlobalSection(SolutionProperties) = preSolution
		HideSolutionNode = FALSE
	EndGlobalSection
	GlobalSection(NestedProjects) = preSolution
		{3F485DA9-373F-45C6-8744-89F274A8F619} = {026AB80D-87F3-45C8-8207-F767EB934A4D}
		{1D5C540C-0980-4B4E-9E7C-ACEEEBF33D79} = {026AB80D-87F3-45C8-8207-F767EB934A4D}
		{48B233D9-4EEA-4CD4-AF88-29C328F2DC15} = {026AB80D-87F3-45C8-8207-F767EB934A4D}
		{2DC541B1-57A0-47E7-A086-F7F74FE0509A} = {48B233D9-4EEA-4CD4-AF88-29C328F2DC15}
		{B7B03AEF-535E-48DD-9000-E93E6E8BE7DB} = {1D5C540C-0980-4B4E-9E7C-ACEEEBF33D79}
		{86A7530F-5B63-42A2-A99C-94F4B4B1BFBE} = {1D5C540C-0980-4B4E-9E7C-ACEEEBF33D79}
		{A76E9579-4E6D-46F0-B00D-E991A7616989} = {1D5C540C-0980-4B4E-9E7C-ACEEEBF33D79}
		{66D21E0B-FEFB-4739-9129-C3D41325FE97} = {026AB80D-87F3-45C8-8207-F767EB934A4D}
		{800EB9EB-B196-4BA1-8A3C-516053CADED6} = {66D21E0B-FEFB-4739-9129-C3D41325FE97}
		{628F4457-2E65-424D-BE9D-8ED2FBBEE447} = {3F485DA9-373F-45C6-8744-89F274A8F619}
		{4E768A6C-72A6-4EB1-A449-20ADA1EC285B} = {026AB80D-87F3-45C8-8207-F767EB934A4D}
		{0DF9B052-62D1-4B38-8C99-A8870CF9AD31} = {4E768A6C-72A6-4EB1-A449-20ADA1EC285B}
	EndGlobalSection
	GlobalSection(ExtensibilityGlobals) = postSolution
		SolutionGuid = {B0FF7497-7620-4B3E-93EE-BA9C01884763}
	EndGlobalSection
EndGlobal
